
Microsoft Visual Studio Solution File, Format Version 12.00
# Visual Studio 15
VisualStudioVersion = 15.0.28307.168
MinimumVisualStudioVersion = 10.0.40219.1
Project("{FAE04EC0-301F-11D3-BF4B-00C04F79EFBC}") = "Bowling", "Bowling\Bowling.csproj", "{FB214C94-181D-4A61-9336-78EB5D11DF0E}"
EndProject
Global
	GlobalSection(SolutionConfigurationPlatforms) = preSolution
		Debug|Any CPU = Debug|Any CPU
		Release|Any CPU = Release|Any CPU
	EndGlobalSection
	GlobalSection(ProjectConfigurationPlatforms) = postSolution
		{FB214C94-181D-4A61-9336-78EB5D11DF0E}.Debug|Any CPU.ActiveCfg = Debug|Any CPU
		{FB214C94-181D-4A61-9336-78EB5D11DF0E}.Debug|Any CPU.Build.0 = Debug|Any CPU
		{FB214C94-181D-4A61-9336-78EB5D11DF0E}.Release|Any CPU.ActiveCfg = Release|Any CPU
		{FB214C94-181D-4A61-9336-78EB5D11DF0E}.Release|Any CPU.Build.0 = Release|Any CPU
	EndGlobalSection
	GlobalSection(SolutionProperties) = preSolution
		HideSolutionNode = FALSE
	EndGlobalSection
	GlobalSection(ExtensibilityGlobals) = postSolution
		SolutionGuid = {71767E40-F0D3-4211-A8A6-7961CC21C4B0}
	EndGlobalSection
EndGlobal
